<?xml version="1.0" encoding="utf-8"?>
<Project ToolsVersion="4.0" xmlns="http://schemas.microsoft.com/developer/msbuild/2003">
  <ItemGroup>
    <Filter Include="Source Files">
      <UniqueIdentifier>{4FC737F1-C7A5-4376-A066-2A32D752A2FF}</UniqueIdentifier>
      <Extensions>cpp;c;cc;cxx;c++;cppm;ixx;def;odl;idl;hpj;bat;asm;asmx</Extensions>
    </Filter>
    <Filter Include="Header Files">
      <UniqueIdentifier>{93995380-89BD-4b04-88EB-625FBE52EBFB}</UniqueIdentifier>
      <Extensions>h;hh;hpp;hxx;h++;hm;inl;inc;ipp;xsd</Extensions>
    </Filter>
    <Filter Include="Resource Files">
      <UniqueIdentifier>{67DA6AB6-F800-4c08-8B7A-83BB121AAD01}</UniqueIdentifier>
      <Extensions>rc;ico;cur;bmp;dlg;rc2;rct;bin;rgs;gif;jpg;jpeg;jpe;resx;tiff;tif;png;wav;mfcribbon-ms</Extensions>
    </Filter>
  </ItemGroup>
  <ItemGroup>
    <ClInclude Include="include\Characters\Character.h">
      <Filter>Header Files</Filter>
    </ClInclude>
    <ClInclude Include="include\Entities\Block.h">
      <Filter>Header Files</Filter>
    </ClInclude>
    <ClInclude Include="include\Scenes\Scene.h">
      <Filter>Header Files</Filter>
    </ClInclude>
    <ClInclude Include="include\System\Interface.h">
      <Filter>Header Files</Filter>
    </ClInclude>
    <ClInclude Include="include\System\QuadTree.h">
      <Filter>Header Files</Filter>
    </ClInclude>
    <ClInclude Include="include\System\PhysicsManager.h">
      <Filter>Header Files</Filter>
    </ClInclude>
    <ClInclude Include="include\UI\Menu.h">
      <Filter>Header Files</Filter>
    </ClInclude>
    <ClInclude Include="include\UI\SoundEffect.h">
      <Filter>Header Files</Filter>
    </ClInclude>
    <ClInclude Include="include\UI\UI.h">
      <Filter>Header Files</Filter>
    </ClInclude>
  </ItemGroup>
  <ItemGroup>
    <ClCompile Include="src\Characters\Character.cpp">
      <Filter>Source Files</Filter>
    </ClCompile>
    <ClCompile Include="src\main.cpp">
      <Filter>Source Files</Filter>
    </ClCompile>
    <ClCompile Include="src\Entities\Block.cpp">
      <Filter>Source Files</Filter>
    </ClCompile>
    <ClCompile Include="src\Scenes\Scene.cpp">
      <Filter>Source Files</Filter>
    </ClCompile>
    <ClCompile Include="src\System\QuadTree.cpp">
      <Filter>Source Files</Filter>
    </ClCompile>
    <ClCompile Include="src\System\PhysicsManager.cpp">
      <Filter>Source Files</Filter>
    </ClCompile>
    <ClCompile Include="src\UI\Menu.cpp">
      <Filter>Source Files</Filter>
    </ClCompile>
    <ClCompile Include="src\UI\SoundEffect.cpp">
      <Filter>Source Files</Filter>
    </ClCompile>
    <ClCompile Include="src\UI\UI.cpp">
      <Filter>Source Files</Filter>
    </ClCompile>
  </ItemGroup>
  <ItemGroup>
    <Image Include="assets\romulus.png">
      <Filter>Resource Files</Filter>
    </Image>
    <Image Include="assets\Super Mario Bros.png">
      <Filter>Resource Files</Filter>
    </Image>
  </ItemGroup>
  <ItemGroup>
    <Media Include="assets\sound\2-108080.wav">
      <Filter>Resource Files</Filter>
    </Media>
    <Media Include="assets\sound\click.wav">
      <Filter>Resource Files</Filter>
    </Media>
    <Media Include="assets\sound\gain2.wav">
      <Filter>Resource Files</Filter>
    </Media>
    <Media Include="assets\sound\jsyd_mario_slide-93009.wav">
      <Filter>Resource Files</Filter>
    </Media>
    <Media Include="assets\sound\jump.wav">
      <Filter>Resource Files</Filter>
    </Media>
    <Media Include="assets\sound\jump2.wav">
      <Filter>Resource Files</Filter>
    </Media>
    <Media Include="assets\sound\level up.wav">
      <Filter>Resource Files</Filter>
    </Media>
    <Media Include="assets\sound\movement1.wav">
      <Filter>Resource Files</Filter>
    </Media>
    <Media Include="assets\sound\movement2.wav">
      <Filter>Resource Files</Filter>
    </Media>
    <Media Include="assets\sound\next1.wav">
      <Filter>Resource Files</Filter>
    </Media>
    <Media Include="assets\sound\next2.wav">
      <Filter>Resource Files</Filter>
    </Media>
    <Media Include="assets\sound\next3.wav">
      <Filter>Resource Files</Filter>
    </Media>
    <Media Include="assets\sound\notice1.wav">
      <Filter>Resource Files</Filter>
    </Media>
    <Media Include="assets\sound\notice2.wav">
      <Filter>Resource Files</Filter>
    </Media>
    <Media Include="assets\sound\point.wav">
      <Filter>Resource Files</Filter>
    </Media>
    <Media Include="assets\sound\strike.wav">
      <Filter>Resource Files</Filter>
    </Media>
  </ItemGroup>
</Project>